
Microsoft Visual Studio Solution File, Format Version 12.00
# Visual Studio 14
VisualStudioVersion = 14.0.25420.1
MinimumVisualStudioVersion = 10.0.40219.1
Project("{FAE04EC0-301F-11D3-BF4B-00C04F79EFBC}") = "ParameterVerify", "ParameterVerify.csproj", "{46396F5D-C3F6-4626-BECC-00CDE1B0D2D2}"
EndProject
Project("{FAE04EC0-301F-11D3-BF4B-00C04F79EFBC}") = "VerifyParameter", "..\VerigyParameter\VerifyParameter.csproj", "{450D355E-8B69-44B8-9898-40B090D35172}"
EndProject
Global
	GlobalSection(SolutionConfigurationPlatforms) = preSolution
		Debug|Any CPU = Debug|Any CPU
		Release|Any CPU = Release|Any CPU
	EndGlobalSection
	GlobalSection(ProjectConfigurationPlatforms) = postSolution
		{46396F5D-C3F6-4626-BECC-00CDE1B0D2D2}.Debug|Any CPU.ActiveCfg = Debug|Any CPU
		{46396F5D-C3F6-4626-BECC-00CDE1B0D2D2}.Debug|Any CPU.Build.0 = Debug|Any CPU
		{46396F5D-C3F6-4626-BECC-00CDE1B0D2D2}.Release|Any CPU.ActiveCfg = Release|Any CPU
		{46396F5D-C3F6-4626-BECC-00CDE1B0D2D2}.Release|Any CPU.Build.0 = Release|Any CPU
		{450D355E-8B69-44B8-9898-40B090D35172}.Debug|Any CPU.ActiveCfg = Debug|Any CPU
		{450D355E-8B69-44B8-9898-40B090D35172}.Debug|Any CPU.Build.0 = Debug|Any CPU
		{450D355E-8B69-44B8-9898-40B090D35172}.Release|Any CPU.ActiveCfg = Release|Any CPU
		{450D355E-8B69-44B8-9898-40B090D35172}.Release|Any CPU.Build.0 = Release|Any CPU
	EndGlobalSection
	GlobalSection(SolutionProperties) = preSolution
		HideSolutionNode = FALSE
	EndGlobalSection
EndGlobal
